
Microsoft Visual Studio Solution File, Format Version 12.00
# Visual Studio Version 16
VisualStudioVersion = 16.0.30225.117
MinimumVisualStudioVersion = 10.0.40219.1
Project("{FAE04EC0-301F-11D3-BF4B-00C04F79EFBC}") = "UV-Sim-Csharp", "UV-Sim-Csharp\UV-Sim-Csharp.csproj", "{578DCFC4-BA1C-45D9-ADA5-5AD56CE0352E}"
EndProject
Project("{FAE04EC0-301F-11D3-BF4B-00C04F79EFBC}") = "UV-Sim-CsharpTests", "UV-Sim-CsharpTests\UV-Sim-CsharpTests.csproj", "{21FFA242-8A30-4DDB-A85D-004B6015AC00}"
EndProject
Global
	GlobalSection(SolutionConfigurationPlatforms) = preSolution
		Debug|Any CPU = Debug|Any CPU
		Release|Any CPU = Release|Any CPU
	EndGlobalSection
	GlobalSection(ProjectConfigurationPlatforms) = postSolution
		{578DCFC4-BA1C-45D9-ADA5-5AD56CE0352E}.Debug|Any CPU.ActiveCfg = Debug|Any CPU
		{578DCFC4-BA1C-45D9-ADA5-5AD56CE0352E}.Debug|Any CPU.Build.0 = Debug|Any CPU
		{578DCFC4-BA1C-45D9-ADA5-5AD56CE0352E}.Release|Any CPU.ActiveCfg = Release|Any CPU
		{578DCFC4-BA1C-45D9-ADA5-5AD56CE0352E}.Release|Any CPU.Build.0 = Release|Any CPU
		{21FFA242-8A30-4DDB-A85D-004B6015AC00}.Debug|Any CPU.ActiveCfg = Debug|Any CPU
		{21FFA242-8A30-4DDB-A85D-004B6015AC00}.Debug|Any CPU.Build.0 = Debug|Any CPU
		{21FFA242-8A30-4DDB-A85D-004B6015AC00}.Release|Any CPU.ActiveCfg = Release|Any CPU
		{21FFA242-8A30-4DDB-A85D-004B6015AC00}.Release|Any CPU.Build.0 = Release|Any CPU
	EndGlobalSection
	GlobalSection(SolutionProperties) = preSolution
		HideSolutionNode = FALSE
	EndGlobalSection
	GlobalSection(ExtensibilityGlobals) = postSolution
		SolutionGuid = {4BE7D933-459E-43F5-A40D-328D0A8CCB22}
	EndGlobalSection
EndGlobal
